
Microsoft Visual Studio Solution File, Format Version 12.00
# Visual Studio 14
VisualStudioVersion = 14.0.25123.0
MinimumVisualStudioVersion = 10.0.40219.1
Project("{FAE04EC0-301F-11D3-BF4B-00C04F79EFBC}") = "AutoMacro", "AutoMacro\AutoMacro.csproj", "{3A7E4E18-1101-4C98-ABB6-6A4E4A6BFFF7}"
EndProject
Project("{FAE04EC0-301F-11D3-BF4B-00C04F79EFBC}") = "AutoMacro.Tests", "AutoMacro.Tests\AutoMacro.Tests.csproj", "{E448E310-986B-4F12-B4F6-D1277A33DB22}"
EndProject
Global
	GlobalSection(SolutionConfigurationPlatforms) = preSolution
		Debug|Any CPU = Debug|Any CPU
		Release|Any CPU = Release|Any CPU
	EndGlobalSection
	GlobalSection(ProjectConfigurationPlatforms) = postSolution
		{3A7E4E18-1101-4C98-ABB6-6A4E4A6BFFF7}.Debug|Any CPU.ActiveCfg = Debug|Any CPU
		{3A7E4E18-1101-4C98-ABB6-6A4E4A6BFFF7}.Debug|Any CPU.Build.0 = Debug|Any CPU
		{3A7E4E18-1101-4C98-ABB6-6A4E4A6BFFF7}.Release|Any CPU.ActiveCfg = Release|Any CPU
		{3A7E4E18-1101-4C98-ABB6-6A4E4A6BFFF7}.Release|Any CPU.Build.0 = Release|Any CPU
		{E448E310-986B-4F12-B4F6-D1277A33DB22}.Debug|Any CPU.ActiveCfg = Debug|Any CPU
		{E448E310-986B-4F12-B4F6-D1277A33DB22}.Debug|Any CPU.Build.0 = Debug|Any CPU
		{E448E310-986B-4F12-B4F6-D1277A33DB22}.Release|Any CPU.ActiveCfg = Release|Any CPU
		{E448E310-986B-4F12-B4F6-D1277A33DB22}.Release|Any CPU.Build.0 = Release|Any CPU
	EndGlobalSection
	GlobalSection(SolutionProperties) = preSolution
		HideSolutionNode = FALSE
	EndGlobalSection
EndGlobal
